
Microsoft Visual Studio Solution File, Format Version 12.00
# Visual Studio Version 16
VisualStudioVersion = 16.0.30523.141
MinimumVisualStudioVersion = 10.0.40219.1
Project("{FAE04EC0-301F-11D3-BF4B-00C04F79EFBC}") = "banxemaymvc", "banxemaymvc\banxemaymvc.csproj", "{443C083B-B2CC-4423-88D8-217CAFE9899D}"
EndProject
Global
	GlobalSection(SolutionConfigurationPlatforms) = preSolution
		Debug|Any CPU = Debug|Any CPU
		Release|Any CPU = Release|Any CPU
	EndGlobalSection
	GlobalSection(ProjectConfigurationPlatforms) = postSolution
		{443C083B-B2CC-4423-88D8-217CAFE9899D}.Debug|Any CPU.ActiveCfg = Debug|Any CPU
		{443C083B-B2CC-4423-88D8-217CAFE9899D}.Debug|Any CPU.Build.0 = Debug|Any CPU
		{443C083B-B2CC-4423-88D8-217CAFE9899D}.Release|Any CPU.ActiveCfg = Release|Any CPU
		{443C083B-B2CC-4423-88D8-217CAFE9899D}.Release|Any CPU.Build.0 = Release|Any CPU
	EndGlobalSection
	GlobalSection(SolutionProperties) = preSolution
		HideSolutionNode = FALSE
	EndGlobalSection
	GlobalSection(ExtensibilityGlobals) = postSolution
		SolutionGuid = {6F86E387-3249-4BB3-A419-338F6F73A7D5}
	EndGlobalSection
EndGlobal
